
Microsoft Visual Studio Solution File, Format Version 12.00
# Visual Studio Version 16
VisualStudioVersion = 16.0.31410.357
MinimumVisualStudioVersion = 10.0.40219.1
Project("{FAE04EC0-301F-11D3-BF4B-00C04F79EFBC}") = "Genann", "Genann.csproj", "{F081C3DE-80B7-4CF3-AD22-FB37645BFB4F}"
EndProject
Project("{FAE04EC0-301F-11D3-BF4B-00C04F79EFBC}") = "GenannTest", "..\GenannTest\GenannTest.csproj", "{FA80CF68-79EB-4F3C-A5CE-DE310C0B7EA2}"
EndProject
Global
	GlobalSection(SolutionConfigurationPlatforms) = preSolution
		Debug|Any CPU = Debug|Any CPU
		Release|Any CPU = Release|Any CPU
	EndGlobalSection
	GlobalSection(ProjectConfigurationPlatforms) = postSolution
		{F081C3DE-80B7-4CF3-AD22-FB37645BFB4F}.Debug|Any CPU.ActiveCfg = Debug|Any CPU
		{F081C3DE-80B7-4CF3-AD22-FB37645BFB4F}.Debug|Any CPU.Build.0 = Debug|Any CPU
		{F081C3DE-80B7-4CF3-AD22-FB37645BFB4F}.Release|Any CPU.ActiveCfg = Release|Any CPU
		{F081C3DE-80B7-4CF3-AD22-FB37645BFB4F}.Release|Any CPU.Build.0 = Release|Any CPU
		{FA80CF68-79EB-4F3C-A5CE-DE310C0B7EA2}.Debug|Any CPU.ActiveCfg = Debug|Any CPU
		{FA80CF68-79EB-4F3C-A5CE-DE310C0B7EA2}.Debug|Any CPU.Build.0 = Debug|Any CPU
		{FA80CF68-79EB-4F3C-A5CE-DE310C0B7EA2}.Release|Any CPU.ActiveCfg = Release|Any CPU
		{FA80CF68-79EB-4F3C-A5CE-DE310C0B7EA2}.Release|Any CPU.Build.0 = Release|Any CPU
	EndGlobalSection
	GlobalSection(SolutionProperties) = preSolution
		HideSolutionNode = FALSE
	EndGlobalSection
	GlobalSection(ExtensibilityGlobals) = postSolution
		SolutionGuid = {84F3FF83-1A0B-426B-9F0F-21EA3592116B}
	EndGlobalSection
EndGlobal
